
Microsoft Visual Studio Solution File, Format Version 12.00
# Visual Studio Version 17
VisualStudioVersion = 17.12.35707.178 d17.12
MinimumVisualStudioVersion = 10.0.40219.1
Project("{FAE04EC0-301F-11D3-BF4B-00C04F79EFBC}") = "CanteenWebApi", "CanteenWebApi\CanteenWebApi.csproj", "{3610AADB-4312-402B-8B64-62F2642E79B9}"
EndProject
Project("{FAE04EC0-301F-11D3-BF4B-00C04F79EFBC}") = "CanteenWebApiLibrary", "CanteenWebApiLibrary\CanteenWebApiLibrary.csproj", "{2E38DF81-9F54-4B02-BA68-557239A7CEBC}"
EndProject
Global
	GlobalSection(SolutionConfigurationPlatforms) = preSolution
		Debug|Any CPU = Debug|Any CPU
		Release|Any CPU = Release|Any CPU
	EndGlobalSection
	GlobalSection(ProjectConfigurationPlatforms) = postSolution
		{3610AADB-4312-402B-8B64-62F2642E79B9}.Debug|Any CPU.ActiveCfg = Debug|Any CPU
		{3610AADB-4312-402B-8B64-62F2642E79B9}.Debug|Any CPU.Build.0 = Debug|Any CPU
		{3610AADB-4312-402B-8B64-62F2642E79B9}.Release|Any CPU.ActiveCfg = Release|Any CPU
		{3610AADB-4312-402B-8B64-62F2642E79B9}.Release|Any CPU.Build.0 = Release|Any CPU
		{2E38DF81-9F54-4B02-BA68-557239A7CEBC}.Debug|Any CPU.ActiveCfg = Debug|Any CPU
		{2E38DF81-9F54-4B02-BA68-557239A7CEBC}.Debug|Any CPU.Build.0 = Debug|Any CPU
		{2E38DF81-9F54-4B02-BA68-557239A7CEBC}.Release|Any CPU.ActiveCfg = Release|Any CPU
		{2E38DF81-9F54-4B02-BA68-557239A7CEBC}.Release|Any CPU.Build.0 = Release|Any CPU
	EndGlobalSection
	GlobalSection(SolutionProperties) = preSolution
		HideSolutionNode = FALSE
	EndGlobalSection
EndGlobal
